
Microsoft Visual Studio Solution File, Format Version 12.00
# Visual Studio Version 16
VisualStudioVersion = 16.0.32002.261
MinimumVisualStudioVersion = 10.0.40219.1
Project("{FAE04EC0-301F-11D3-BF4B-00C04F79EFBC}") = "Github_hello", "Github_hello\Github_hello.csproj", "{437BC55B-CFD5-4F1C-9DE3-16535924DFDD}"
EndProject
Global
	GlobalSection(SolutionConfigurationPlatforms) = preSolution
		Debug|Any CPU = Debug|Any CPU
		Release|Any CPU = Release|Any CPU
	EndGlobalSection
	GlobalSection(ProjectConfigurationPlatforms) = postSolution
		{437BC55B-CFD5-4F1C-9DE3-16535924DFDD}.Debug|Any CPU.ActiveCfg = Debug|Any CPU
		{437BC55B-CFD5-4F1C-9DE3-16535924DFDD}.Debug|Any CPU.Build.0 = Debug|Any CPU
		{437BC55B-CFD5-4F1C-9DE3-16535924DFDD}.Release|Any CPU.ActiveCfg = Release|Any CPU
		{437BC55B-CFD5-4F1C-9DE3-16535924DFDD}.Release|Any CPU.Build.0 = Release|Any CPU
	EndGlobalSection
	GlobalSection(SolutionProperties) = preSolution
		HideSolutionNode = FALSE
	EndGlobalSection
	GlobalSection(ExtensibilityGlobals) = postSolution
		SolutionGuid = {FA416AD0-2D35-47B6-9907-9C838F2903EF}
	EndGlobalSection
EndGlobal
